
Microsoft Visual Studio Solution File, Format Version 12.00
# Visual Studio Version 16
VisualStudioVersion = 16.0.31729.503
MinimumVisualStudioVersion = 10.0.40219.1
Project("{FAE04EC0-301F-11D3-BF4B-00C04F79EFBC}") = "FacesComputerVision", "FacesComputerVision\FacesComputerVision.csproj", "{71872FB4-2A68-4B50-B925-630C1E2D0C0E}"
EndProject
Global
	GlobalSection(SolutionConfigurationPlatforms) = preSolution
		Debug|Any CPU = Debug|Any CPU
		Release|Any CPU = Release|Any CPU
	EndGlobalSection
	GlobalSection(ProjectConfigurationPlatforms) = postSolution
		{71872FB4-2A68-4B50-B925-630C1E2D0C0E}.Debug|Any CPU.ActiveCfg = Debug|Any CPU
		{71872FB4-2A68-4B50-B925-630C1E2D0C0E}.Debug|Any CPU.Build.0 = Debug|Any CPU
		{71872FB4-2A68-4B50-B925-630C1E2D0C0E}.Release|Any CPU.ActiveCfg = Release|Any CPU
		{71872FB4-2A68-4B50-B925-630C1E2D0C0E}.Release|Any CPU.Build.0 = Release|Any CPU
	EndGlobalSection
	GlobalSection(SolutionProperties) = preSolution
		HideSolutionNode = FALSE
	EndGlobalSection
	GlobalSection(ExtensibilityGlobals) = postSolution
		SolutionGuid = {EBAA4F40-AD2A-44AF-BADB-DCE65BF5F63C}
	EndGlobalSection
EndGlobal
